
Microsoft Visual Studio Solution File, Format Version 12.00
# Visual Studio 15
VisualStudioVersion = 15.0.27428.2037
MinimumVisualStudioVersion = 10.0.40219.1
Project("{9A19103F-16F7-4668-BE54-9A1E7A4F7556}") = "BattleShip", "BattleShip\BattleShip.csproj", "{79928FAF-27FF-4CA8-9729-6B36EF7107DD}"
EndProject
Project("{FAE04EC0-301F-11D3-BF4B-00C04F79EFBC}") = "BattleShip.Domain", "BattleShip.Domain\BattleShip.Domain.csproj", "{D09B8EEE-AEEF-44F9-A320-62DA2E155ED2}"
EndProject
Global
	GlobalSection(SolutionConfigurationPlatforms) = preSolution
		Debug|Any CPU = Debug|Any CPU
		Release|Any CPU = Release|Any CPU
	EndGlobalSection
	GlobalSection(ProjectConfigurationPlatforms) = postSolution
		{79928FAF-27FF-4CA8-9729-6B36EF7107DD}.Debug|Any CPU.ActiveCfg = Debug|Any CPU
		{79928FAF-27FF-4CA8-9729-6B36EF7107DD}.Debug|Any CPU.Build.0 = Debug|Any CPU
		{79928FAF-27FF-4CA8-9729-6B36EF7107DD}.Release|Any CPU.ActiveCfg = Release|Any CPU
		{79928FAF-27FF-4CA8-9729-6B36EF7107DD}.Release|Any CPU.Build.0 = Release|Any CPU
		{D09B8EEE-AEEF-44F9-A320-62DA2E155ED2}.Debug|Any CPU.ActiveCfg = Debug|Any CPU
		{D09B8EEE-AEEF-44F9-A320-62DA2E155ED2}.Debug|Any CPU.Build.0 = Debug|Any CPU
		{D09B8EEE-AEEF-44F9-A320-62DA2E155ED2}.Release|Any CPU.ActiveCfg = Release|Any CPU
		{D09B8EEE-AEEF-44F9-A320-62DA2E155ED2}.Release|Any CPU.Build.0 = Release|Any CPU
	EndGlobalSection
	GlobalSection(SolutionProperties) = preSolution
		HideSolutionNode = FALSE
	EndGlobalSection
	GlobalSection(ExtensibilityGlobals) = postSolution
		SolutionGuid = {ADC09353-6022-4300-A143-EAA098165E3D}
	EndGlobalSection
EndGlobal



